
Microsoft Visual Studio Solution File, Format Version 12.00
# Visual Studio 15
Project("{FAE04EC0-301F-11D3-BF4B-00C04F79EFBC}") = "miniGame", "miniGame.csproj", "{7697BF7D-22ED-FE7A-26E4-2423D1055DEA}"
EndProject
Project("{FAE04EC0-301F-11D3-BF4B-00C04F79EFBC}") = "miniGame.Editor", "miniGame.Editor.csproj", "{B0A8608E-954D-F447-9079-0195DAA90342}"
EndProject
Global
	GlobalSection(SolutionConfigurationPlatforms) = preSolution
		Debug|Any CPU = Debug|Any CPU
		Release|Any CPU = Release|Any CPU
	EndGlobalSection
	GlobalSection(ProjectConfigurationPlatforms) = postSolution
		{7697BF7D-22ED-FE7A-26E4-2423D1055DEA}.Debug|Any CPU.ActiveCfg = Debug|Any CPU
		{7697BF7D-22ED-FE7A-26E4-2423D1055DEA}.Debug|Any CPU.Build.0 = Debug|Any CPU
		{7697BF7D-22ED-FE7A-26E4-2423D1055DEA}.Release|Any CPU.ActiveCfg = Release|Any CPU
		{7697BF7D-22ED-FE7A-26E4-2423D1055DEA}.Release|Any CPU.Build.0 = Release|Any CPU
		{B0A8608E-954D-F447-9079-0195DAA90342}.Debug|Any CPU.ActiveCfg = Debug|Any CPU
		{B0A8608E-954D-F447-9079-0195DAA90342}.Debug|Any CPU.Build.0 = Debug|Any CPU
		{B0A8608E-954D-F447-9079-0195DAA90342}.Release|Any CPU.ActiveCfg = Release|Any CPU
		{B0A8608E-954D-F447-9079-0195DAA90342}.Release|Any CPU.Build.0 = Release|Any CPU
	EndGlobalSection
	GlobalSection(SolutionProperties) = preSolution
		HideSolutionNode = FALSE
	EndGlobalSection
EndGlobal
